
Microsoft Visual Studio Solution File, Format Version 12.00
# Visual Studio Version 17
VisualStudioVersion = 17.14.36203.30
MinimumVisualStudioVersion = 10.0.40219.1
Project("{FAE04EC0-301F-11D3-BF4B-00C04F79EFBC}") = "EchoServer", "EchoServer\EchoServer.csproj", "{495C846E-B900-4ABD-B030-26AA98830AED}"
EndProject
Project("{FAE04EC0-301F-11D3-BF4B-00C04F79EFBC}") = "TKClient", "TKClient\TKClient.csproj", "{4E579F99-EC58-4092-9291-3D39182DCE63}"
EndProject
Project("{FAE04EC0-301F-11D3-BF4B-00C04F79EFBC}") = "TKNet", "TKNet\TKNet.csproj", "{6B8F1114-EE93-DB6B-915F-1275F52C94D4}"
EndProject
Global
	GlobalSection(SolutionConfigurationPlatforms) = preSolution
		Debug|Any CPU = Debug|Any CPU
		Release|Any CPU = Release|Any CPU
	EndGlobalSection
	GlobalSection(ProjectConfigurationPlatforms) = postSolution
		{495C846E-B900-4ABD-B030-26AA98830AED}.Debug|Any CPU.ActiveCfg = Debug|Any CPU
		{495C846E-B900-4ABD-B030-26AA98830AED}.Debug|Any CPU.Build.0 = Debug|Any CPU
		{495C846E-B900-4ABD-B030-26AA98830AED}.Release|Any CPU.ActiveCfg = Release|Any CPU
		{495C846E-B900-4ABD-B030-26AA98830AED}.Release|Any CPU.Build.0 = Release|Any CPU
		{4E579F99-EC58-4092-9291-3D39182DCE63}.Debug|Any CPU.ActiveCfg = Debug|Any CPU
		{4E579F99-EC58-4092-9291-3D39182DCE63}.Debug|Any CPU.Build.0 = Debug|Any CPU
		{4E579F99-EC58-4092-9291-3D39182DCE63}.Release|Any CPU.ActiveCfg = Release|Any CPU
		{4E579F99-EC58-4092-9291-3D39182DCE63}.Release|Any CPU.Build.0 = Release|Any CPU
		{6B8F1114-EE93-DB6B-915F-1275F52C94D4}.Debug|Any CPU.ActiveCfg = Debug|Any CPU
		{6B8F1114-EE93-DB6B-915F-1275F52C94D4}.Debug|Any CPU.Build.0 = Debug|Any CPU
		{6B8F1114-EE93-DB6B-915F-1275F52C94D4}.Release|Any CPU.ActiveCfg = Release|Any CPU
		{6B8F1114-EE93-DB6B-915F-1275F52C94D4}.Release|Any CPU.Build.0 = Release|Any CPU
	EndGlobalSection
	GlobalSection(SolutionProperties) = preSolution
		HideSolutionNode = FALSE
	EndGlobalSection
	GlobalSection(ExtensibilityGlobals) = postSolution
		SolutionGuid = {0EC12D19-5500-4385-97C7-BE42621469B2}
	EndGlobalSection
EndGlobal
