
Microsoft Visual Studio Solution File, Format Version 12.00
# Visual Studio Version 17
VisualStudioVersion = 17.14.36203.30 d17.14
MinimumVisualStudioVersion = 10.0.40219.1
Project("{FAE04EC0-301F-11D3-BF4B-00C04F79EFBC}") = "Server", "TestServer\Server.csproj", "{495C846E-B900-4ABD-B030-26AA98830AED}"
EndProject
Global
	GlobalSection(SolutionConfigurationPlatforms) = preSolution
		Debug|Any CPU = Debug|Any CPU
		Release|Any CPU = Release|Any CPU
	EndGlobalSection
	GlobalSection(ProjectConfigurationPlatforms) = postSolution
		{495C846E-B900-4ABD-B030-26AA98830AED}.Debug|Any CPU.ActiveCfg = Debug|Any CPU
		{495C846E-B900-4ABD-B030-26AA98830AED}.Debug|Any CPU.Build.0 = Debug|Any CPU
		{495C846E-B900-4ABD-B030-26AA98830AED}.Release|Any CPU.ActiveCfg = Release|Any CPU
		{495C846E-B900-4ABD-B030-26AA98830AED}.Release|Any CPU.Build.0 = Release|Any CPU
	EndGlobalSection
	GlobalSection(SolutionProperties) = preSolution
		HideSolutionNode = FALSE
	EndGlobalSection
	GlobalSection(ExtensibilityGlobals) = postSolution
		SolutionGuid = {0EC12D19-5500-4385-97C7-BE42621469B2}
	EndGlobalSection
EndGlobal
